<?xml version="1.0" encoding="utf-8"?>
<Project ToolsVersion="4.0" xmlns="http://schemas.microsoft.com/developer/msbuild/2003">
  <ItemGroup>
    <Filter Include="src">
      <UniqueIdentifier>{4FC737F1-C7A5-4376-A066-2A32D752A2FF}</UniqueIdentifier>
      <Extensions>cpp;c;cc;cxx;def;odl;idl;hpj;bat;asm;asmx</Extensions>
    </Filter>
    <Filter Include="SFML">
      <UniqueIdentifier>{93995380-89BD-4b04-88EB-625FBE52EBFB}</UniqueIdentifier>
      <Extensions>h;hh;hpp;hxx;hm;inl;inc;xsd</Extensions>
    </Filter>
    <Filter Include="GLEW">
      <UniqueIdentifier>{4b746b9d-c044-43e2-bf8a-3fdf3650deb2}</UniqueIdentifier>
    </Filter>
  </ItemGroup>
  <ItemGroup>
    <ClCompile Include="main.cpp">
      <Filter>src</Filter>
    </ClCompile>
    <ClCompile Include="util.cpp">
      <Filter>src</Filter>
    </ClCompile>
    <ClCompile Include="vertex3d.cpp">
      <Filter>src</Filter>
    </ClCompile>
    <ClCompile Include="GLEW\glew.c">
      <Filter>GLEW</Filter>
    </ClCompile>
    <ClCompile Include="types3d.cpp">
      <Filter>src</Filter>
    </ClCompile>
    <ClCompile Include="Model.cpp">
      <Filter>src</Filter>
    </ClCompile>
  </ItemGroup>
  <ItemGroup>
    <ClInclude Include="SFML\Audio.hpp">
      <Filter>SFML</Filter>
    </ClInclude>
    <ClInclude Include="SFML\Config.hpp">
      <Filter>SFML</Filter>
    </ClInclude>
    <ClInclude Include="SFML\Graphics.hpp">
      <Filter>SFML</Filter>
    </ClInclude>
    <ClInclude Include="SFML\Main.hpp">
      <Filter>SFML</Filter>
    </ClInclude>
    <ClInclude Include="SFML\Network.hpp">
      <Filter>SFML</Filter>
    </ClInclude>
    <ClInclude Include="SFML\OpenGL.hpp">
      <Filter>SFML</Filter>
    </ClInclude>
    <ClInclude Include="SFML\System.hpp">
      <Filter>SFML</Filter>
    </ClInclude>
    <ClInclude Include="SFML\Window.hpp">
      <Filter>SFML</Filter>
    </ClInclude>
    <ClInclude Include="util.hpp">
      <Filter>src</Filter>
    </ClInclude>
    <ClInclude Include="vertex3d.hpp">
      <Filter>src</Filter>
    </ClInclude>
    <ClInclude Include="GLEW\glew.h">
      <Filter>GLEW</Filter>
    </ClInclude>
    <ClInclude Include="types3d.hpp">
      <Filter>src</Filter>
    </ClInclude>
    <ClInclude Include="Model.hpp">
      <Filter>src</Filter>
    </ClInclude>
  </ItemGroup>
</Project>